
Microsoft Visual Studio Solution File, Format Version 12.00
# Visual Studio 14
VisualStudioVersion = 14.0.23107.0
MinimumVisualStudioVersion = 10.0.40219.1
Project("{FAE04EC0-301F-11D3-BF4B-00C04F79EFBC}") = "BananaPiOLEDMonitor", "BananaPiOLEDMonitor.csproj", "{38C84905-3080-485E-B85E-D843E38E0493}"
EndProject
Project("{FAE04EC0-301F-11D3-BF4B-00C04F79EFBC}") = "ArduiPi_OLED_Wrapper", "..\external\ArduiPi_OLED\mono\ArduiPi_OLED_Wrapper\ArduiPi_OLED_Wrapper.csproj", "{DECC6EC1-196F-4731-BD70-DC00E77BD8F6}"
EndProject
Global
	GlobalSection(SolutionConfigurationPlatforms) = preSolution
		Debug|Any CPU = Debug|Any CPU
		Release|Any CPU = Release|Any CPU
	EndGlobalSection
	GlobalSection(ProjectConfigurationPlatforms) = postSolution
		{38C84905-3080-485E-B85E-D843E38E0493}.Debug|Any CPU.ActiveCfg = Debug|Any CPU
		{38C84905-3080-485E-B85E-D843E38E0493}.Debug|Any CPU.Build.0 = Debug|Any CPU
		{38C84905-3080-485E-B85E-D843E38E0493}.Release|Any CPU.ActiveCfg = Release|Any CPU
		{38C84905-3080-485E-B85E-D843E38E0493}.Release|Any CPU.Build.0 = Release|Any CPU
		{DECC6EC1-196F-4731-BD70-DC00E77BD8F6}.Debug|Any CPU.ActiveCfg = Debug|Any CPU
		{DECC6EC1-196F-4731-BD70-DC00E77BD8F6}.Debug|Any CPU.Build.0 = Debug|Any CPU
		{DECC6EC1-196F-4731-BD70-DC00E77BD8F6}.Release|Any CPU.ActiveCfg = Release|Any CPU
		{DECC6EC1-196F-4731-BD70-DC00E77BD8F6}.Release|Any CPU.Build.0 = Release|Any CPU
	EndGlobalSection
	GlobalSection(SolutionProperties) = preSolution
		HideSolutionNode = FALSE
	EndGlobalSection
EndGlobal
